// !$*UTF8*$!
{
	archiveVersion = 1;
	classes = {
	};
	objectVersion = 55;
	objects = {

/* Begin PBXBuildFile section */
		84694D5D2892E17600572109 /* ResultsTableViewCell.swift in Sources */ = {isa = PBXBuildFile; fileRef = 84694D5C2892E17500572109 /* ResultsTableViewCell.swift */; };
		849D80532868D1B20059A77E /* AppDelegate.swift in Sources */ = {isa = PBXBuildFile; fileRef = 849D80522868D1B20059A77E /* AppDelegate.swift */; };
		849D80552868D1B20059A77E /* SceneDelegate.swift in Sources */ = {isa = PBXBuildFile; fileRef = 849D80542868D1B20059A77E /* SceneDelegate.swift */; };
		849D80572868D1B20059A77E /* StartViewController.swift in Sources */ = {isa = PBXBuildFile; fileRef = 849D80562868D1B20059A77E /* StartViewController.swift */; };
		849D805A2868D1B20059A77E /* Main.storyboard in Resources */ = {isa = PBXBuildFile; fileRef = 849D80582868D1B20059A77E /* Main.storyboard */; };
		849D805C2868D1BC0059A77E /* Assets.xcassets in Resources */ = {isa = PBXBuildFile; fileRef = 849D805B2868D1BC0059A77E /* Assets.xcassets */; };
		849D805F2868D1BC0059A77E /* LaunchScreen.storyboard in Resources */ = {isa = PBXBuildFile; fileRef = 849D805D2868D1BC0059A77E /* LaunchScreen.storyboard */; };
		849D80692871FD1F0059A77E /* Question.swift in Sources */ = {isa = PBXBuildFile; fileRef = 849D80682871FD1C0059A77E /* Question.swift */; };
		849D806B2872476C0059A77E /* GameViewController.swift in Sources */ = {isa = PBXBuildFile; fileRef = 849D806A2872476B0059A77E /* GameViewController.swift */; };
		84BF3EAA2872521A00081DF4 /* QuizCollectionViewCell.swift in Sources */ = {isa = PBXBuildFile; fileRef = 84BF3EA92872521A00081DF4 /* QuizCollectionViewCell.swift */; };
		84BF3EAC2881EC8300081DF4 /* ResultsViewController.swift in Sources */ = {isa = PBXBuildFile; fileRef = 84BF3EAB2881EC8300081DF4 /* ResultsViewController.swift */; };
		84BF3EAE28821EF700081DF4 /* ScoresViewController.swift in Sources */ = {isa = PBXBuildFile; fileRef = 84BF3EAD28821EF600081DF4 /* ScoresViewController.swift */; };
		84BF3EB028836FBD00081DF4 /* UserData.swift in Sources */ = {isa = PBXBuildFile; fileRef = 84BF3EAF28836FBD00081DF4 /* UserData.swift */; };
/* End PBXBuildFile section */

/* Begin PBXFileReference section */
		84694D5C2892E17500572109 /* ResultsTableViewCell.swift */ = {isa = PBXFileReference; lastKnownFileType = sourcecode.swift; path = ResultsTableViewCell.swift; sourceTree = "<group>"; };
		849D804F2868D1B20059A77E /* Quiz.app */ = {isa = PBXFileReference; explicitFileType = wrapper.application; includeInIndex = 0; path = Quiz.app; sourceTree = BUILT_PRODUCTS_DIR; };
		849D80522868D1B20059A77E /* AppDelegate.swift */ = {isa = PBXFileReference; lastKnownFileType = sourcecode.swift; path = AppDelegate.swift; sourceTree = "<group>"; };
		849D80542868D1B20059A77E /* SceneDelegate.swift */ = {isa = PBXFileReference; lastKnownFileType = sourcecode.swift; path = SceneDelegate.swift; sourceTree = "<group>"; };
		849D80562868D1B20059A77E /* StartViewController.swift */ = {isa = PBXFileReference; lastKnownFileType = sourcecode.swift; path = StartViewController.swift; sourceTree = "<group>"; };
		849D80592868D1B20059A77E /* Base */ = {isa = PBXFileReference; lastKnownFileType = file.storyboard; name = Base; path = Base.lproj/Main.storyboard; sourceTree = "<group>"; };
		849D805B2868D1BC0059A77E /* Assets.xcassets */ = {isa = PBXFileReference; lastKnownFileType = folder.assetcatalog; path = Assets.xcassets; sourceTree = "<group>"; };
		849D805E2868D1BC0059A77E /* Base */ = {isa = PBXFileReference; lastKnownFileType = file.storyboard; name = Base; path = Base.lproj/LaunchScreen.storyboard; sourceTree = "<group>"; };
		849D80602868D1BC0059A77E /* Info.plist */ = {isa = PBXFileReference; lastKnownFileType = text.plist.xml; path = Info.plist; sourceTree = "<group>"; };
		849D80682871FD1C0059A77E /* Question.swift */ = {isa = PBXFileReference; lastKnownFileType = sourcecode.swift; path = Question.swift; sourceTree = "<group>"; };
		849D806A2872476B0059A77E /* GameViewController.swift */ = {isa = PBXFileReference; lastKnownFileType = sourcecode.swift; path = GameViewController.swift; sourceTree = "<group>"; };
		84BF3EA92872521A00081DF4 /* QuizCollectionViewCell.swift */ = {isa = PBXFileReference; lastKnownFileType = sourcecode.swift; path = QuizCollectionViewCell.swift; sourceTree = "<group>"; };
		84BF3EAB2881EC8300081DF4 /* ResultsViewController.swift */ = {isa = PBXFileReference; lastKnownFileType = sourcecode.swift; path = ResultsViewController.swift; sourceTree = "<group>"; };
		84BF3EAD28821EF600081DF4 /* ScoresViewController.swift */ = {isa = PBXFileReference; lastKnownFileType = sourcecode.swift; path = ScoresViewController.swift; sourceTree = "<group>"; };
		84BF3EAF28836FBD00081DF4 /* UserData.swift */ = {isa = PBXFileReference; lastKnownFileType = sourcecode.swift; path = UserData.swift; sourceTree = "<group>"; };
/* End PBXFileReference section */

/* Begin PBXFrameworksBuildPhase section */
		849D804C2868D1B20059A77E /* Frameworks */ = {
			isa = PBXFrameworksBuildPhase;
			buildActionMask = 2147483647;
			files = (
			);
			runOnlyForDeploymentPostprocessing = 0;
		};
/* End PBXFrameworksBuildPhase section */

/* Begin PBXGroup section */
		84694D592890B1C200572109 /* Delegates */ = {
			isa = PBXGroup;
			children = (
				849D80522868D1B20059A77E /* AppDelegate.swift */,
				849D80542868D1B20059A77E /* SceneDelegate.swift */,
			);
			path = Delegates;
			sourceTree = "<group>";
		};
		84694D5A2890B1DC00572109 /* View */ = {
			isa = PBXGroup;
			children = (
				849D80582868D1B20059A77E /* Main.storyboard */,
				849D805D2868D1BC0059A77E /* LaunchScreen.storyboard */,
			);
			path = View;
			sourceTree = "<group>";
		};
		84694D5B2890B1F200572109 /* Controllers */ = {
			isa = PBXGroup;
			children = (
				849D80562868D1B20059A77E /* StartViewController.swift */,
				849D806A2872476B0059A77E /* GameViewController.swift */,
				84BF3EAB2881EC8300081DF4 /* ResultsViewController.swift */,
				84BF3EAD28821EF600081DF4 /* ScoresViewController.swift */,
				84694D5E2892E3C700572109 /* CustomTableViewCells */,
			);
			path = Controllers;
			sourceTree = "<group>";
		};
		84694D5E2892E3C700572109 /* CustomTableViewCells */ = {
			isa = PBXGroup;
			children = (
				84694D5C2892E17500572109 /* ResultsTableViewCell.swift */,
				84BF3EA92872521A00081DF4 /* QuizCollectionViewCell.swift */,
			);
			path = CustomTableViewCells;
			sourceTree = "<group>";
		};
		84694D5F2892FC9800572109 /* Model */ = {
			isa = PBXGroup;
			children = (
				849D80682871FD1C0059A77E /* Question.swift */,
				84BF3EAF28836FBD00081DF4 /* UserData.swift */,
			);
			path = Model;
			sourceTree = "<group>";
		};
		849D80462868D1B10059A77E = {
			isa = PBXGroup;
			children = (
				849D80512868D1B20059A77E /* Quiz */,
				849D80502868D1B20059A77E /* Products */,
			);
			sourceTree = "<group>";
		};
		849D80502868D1B20059A77E /* Products */ = {
			isa = PBXGroup;
			children = (
				849D804F2868D1B20059A77E /* Quiz.app */,
			);
			name = Products;
			sourceTree = "<group>";
		};
		849D80512868D1B20059A77E /* Quiz */ = {
			isa = PBXGroup;
			children = (
				84694D592890B1C200572109 /* Delegates */,
				84694D5A2890B1DC00572109 /* View */,
				84694D5B2890B1F200572109 /* Controllers */,
				84694D5F2892FC9800572109 /* Model */,
				849D805B2868D1BC0059A77E /* Assets.xcassets */,
				849D80602868D1BC0059A77E /* Info.plist */,
			);
			path = Quiz;
			sourceTree = "<group>";
		};
/* End PBXGroup section */

/* Begin PBXNativeTarget section */
		849D804E2868D1B20059A77E /* Quiz */ = {
			isa = PBXNativeTarget;
			buildConfigurationList = 849D80632868D1BC0059A77E /* Build configuration list for PBXNativeTarget "Quiz" */;
			buildPhases = (
				849D804B2868D1B20059A77E /* Sources */,
				849D804C2868D1B20059A77E /* Frameworks */,
				849D804D2868D1B20059A77E /* Resources */,
			);
			buildRules = (
			);
			dependencies = (
			);
			name = Quiz;
			productName = Quiz;
			productReference = 849D804F2868D1B20059A77E /* Quiz.app */;
			productType = "com.apple.product-type.application";
		};
/* End PBXNativeTarget section */

/* Begin PBXProject section */
		849D80472868D1B10059A77E /* Project object */ = {
			isa = PBXProject;
			attributes = {
				BuildIndependentTargetsInParallel = 1;
				LastSwiftUpdateCheck = 1320;
				LastUpgradeCheck = 1320;
				TargetAttributes = {
					849D804E2868D1B20059A77E = {
						CreatedOnToolsVersion = 13.2.1;
					};
				};
			};
			buildConfigurationList = 849D804A2868D1B10059A77E /* Build configuration list for PBXProject "Quiz" */;
			compatibilityVersion = "Xcode 13.0";
			developmentRegion = en;
			hasScannedForEncodings = 0;
			knownRegions = (
				en,
				Base,
			);
			mainGroup = 849D80462868D1B10059A77E;
			productRefGroup = 849D80502868D1B20059A77E /* Products */;
			projectDirPath = "";
			projectRoot = "";
			targets = (
				849D804E2868D1B20059A77E /* Quiz */,
			);
		};
/* End PBXProject section */

/* Begin PBXResourcesBuildPhase section */
		849D804D2868D1B20059A77E /* Resources */ = {
			isa = PBXResourcesBuildPhase;
			buildActionMask = 2147483647;
			files = (
				849D805F2868D1BC0059A77E /* LaunchScreen.storyboard in Resources */,
				849D805C2868D1BC0059A77E /* Assets.xcassets in Resources */,
				849D805A2868D1B20059A77E /* Main.storyboard in Resources */,
			);
			runOnlyForDeploymentPostprocessing = 0;
		};
/* End PBXResourcesBuildPhase section */

/* Begin PBXSourcesBuildPhase section */
		849D804B2868D1B20059A77E /* Sources */ = {
			isa = PBXSourcesBuildPhase;
			buildActionMask = 2147483647;
			files = (
				849D80692871FD1F0059A77E /* Question.swift in Sources */,
				849D80572868D1B20059A77E /* StartViewController.swift in Sources */,
				849D80532868D1B20059A77E /* AppDelegate.swift in Sources */,
				849D80552868D1B20059A77E /* SceneDelegate.swift in Sources */,
				84694D5D2892E17600572109 /* ResultsTableViewCell.swift in Sources */,
				84BF3EAE28821EF700081DF4 /* ScoresViewController.swift in Sources */,
				849D806B2872476C0059A77E /* GameViewController.swift in Sources */,
				84BF3EAA2872521A00081DF4 /* QuizCollectionViewCell.swift in Sources */,
				84BF3EB028836FBD00081DF4 /* UserData.swift in Sources */,
				84BF3EAC2881EC8300081DF4 /* ResultsViewController.swift in Sources */,
			);
			runOnlyForDeploymentPostprocessing = 0;
		};
/* End PBXSourcesBuildPhase section */

/* Begin PBXVariantGroup section */
		849D80582868D1B20059A77E /* Main.storyboard */ = {
			isa = PBXVariantGroup;
			children = (
				849D80592868D1B20059A77E /* Base */,
			);
			name = Main.storyboard;
			sourceTree = "<group>";
		};
		849D805D2868D1BC0059A77E /* LaunchScreen.storyboard */ = {
			isa = PBXVariantGroup;
			children = (
				849D805E2868D1BC0059A77E /* Base */,
			);
			name = LaunchScreen.storyboard;
			sourceTree = "<group>";
		};
/* End PBXVariantGroup section */

/* Begin XCBuildConfiguration section */
		849D80612868D1BC0059A77E /* Debug */ = {
			isa = XCBuildConfiguration;
			buildSettings = {
				ALWAYS_SEARCH_USER_PATHS = NO;
				CLANG_ANALYZER_NONNULL = YES;
				CLANG_ANALYZER_NUMBER_OBJECT_CONVERSION = YES_AGGRESSIVE;
				CLANG_CXX_LANGUAGE_STANDARD = "gnu++17";
				CLANG_CXX_LIBRARY = "libc++";
				CLANG_ENABLE_MODULES = YES;
				CLANG_ENABLE_OBJC_ARC = YES;
				CLANG_ENABLE_OBJC_WEAK = YES;
				CLANG_WARN_BLOCK_CAPTURE_AUTORELEASING = YES;
				CLANG_WARN_BOOL_CONVERSION = YES;
				CLANG_WARN_COMMA = YES;
				CLANG_WARN_CONSTANT_CONVERSION = YES;
				CLANG_WARN_DEPRECATED_OBJC_IMPLEMENTATIONS = YES;
				CLANG_WARN_DIRECT_OBJC_ISA_USAGE = YES_ERROR;
				CLANG_WARN_DOCUMENTATION_COMMENTS = YES;
				CLANG_WARN_EMPTY_BODY = YES;
				CLANG_WARN_ENUM_CONVERSION = YES;
				CLANG_WARN_INFINITE_RECURSION = YES;
				CLANG_WARN_INT_CONVERSION = YES;
				CLANG_WARN_NON_LITERAL_NULL_CONVERSION = YES;
				CLANG_WARN_OBJC_IMPLICIT_RETAIN_SELF = YES;
				CLANG_WARN_OBJC_LITERAL_CONVERSION = YES;
				CLANG_WARN_OBJC_ROOT_CLASS = YES_ERROR;
				CLANG_WARN_QUOTED_INCLUDE_IN_FRAMEWORK_HEADER = YES;
				CLANG_WARN_RANGE_LOOP_ANALYSIS = YES;
				CLANG_WARN_STRICT_PROTOTYPES = YES;
				CLANG_WARN_SUSPICIOUS_MOVE = YES;
				CLANG_WARN_UNGUARDED_AVAILABILITY = YES_AGGRESSIVE;
				CLANG_WARN_UNREACHABLE_CODE = YES;
				CLANG_WARN__DUPLICATE_METHOD_MATCH = YES;
				COPY_PHASE_STRIP = NO;
				DEBUG_INFORMATION_FORMAT = dwarf;
				ENABLE_STRICT_OBJC_MSGSEND = YES;
				ENABLE_TESTABILITY = YES;
				GCC_C_LANGUAGE_STANDARD = gnu11;
				GCC_DYNAMIC_NO_PIC = NO;
				GCC_NO_COMMON_BLOCKS = YES;
				GCC_OPTIMIZATION_LEVEL = 0;
				GCC_PREPROCESSOR_DEFINITIONS = (
					"DEBUG=1",
					"$(inherited)",
				);
				GCC_WARN_64_TO_32_BIT_CONVERSION = YES;
				GCC_WARN_ABOUT_RETURN_TYPE = YES_ERROR;
				GCC_WARN_UNDECLARED_SELECTOR = YES;
				GCC_WARN_UNINITIALIZED_AUTOS = YES_AGGRESSIVE;
				GCC_WARN_UNUSED_FUNCTION = YES;
				GCC_WARN_UNUSED_VARIABLE = YES;
				IPHONEOS_DEPLOYMENT_TARGET = 15.2;
				MTL_ENABLE_DEBUG_INFO = INCLUDE_SOURCE;
				MTL_FAST_MATH = YES;
				ONLY_ACTIVE_ARCH = YES;
				SDKROOT = iphoneos;
				SWIFT_ACTIVE_COMPILATION_CONDITIONS = DEBUG;
				SWIFT_OPTIMIZATION_LEVEL = "-Onone";
			};
			name = Debug;
		};
		849D80622868D1BC0059A77E /* Release */ = {
			isa = XCBuildConfiguration;
			buildSettings = {
				ALWAYS_SEARCH_USER_PATHS = NO;
				CLANG_ANALYZER_NONNULL = YES;
				CLANG_ANALYZER_NUMBER_OBJECT_CONVERSION = YES_AGGRESSIVE;
				CLANG_CXX_LANGUAGE_STANDARD = "gnu++17";
				CLANG_CXX_LIBRARY = "libc++";
				CLANG_ENABLE_MODULES = YES;
				CLANG_ENABLE_OBJC_ARC = YES;
				CLANG_ENABLE_OBJC_WEAK = YES;
				CLANG_WARN_BLOCK_CAPTURE_AUTORELEASING = YES;
				CLANG_WARN_BOOL_CONVERSION = YES;
				CLANG_WARN_COMMA = YES;
				CLANG_WARN_CONSTANT_CONVERSION = YES;
				CLANG_WARN_DEPRECATED_OBJC_IMPLEMENTATIONS = YES;
				CLANG_WARN_DIRECT_OBJC_ISA_USAGE = YES_ERROR;
				CLANG_WARN_DOCUMENTATION_COMMENTS = YES;
				CLANG_WARN_EMPTY_BODY = YES;
				CLANG_WARN_ENUM_CONVERSION = YES;
				CLANG_WARN_INFINITE_RECURSION = YES;
				CLANG_WARN_INT_CONVERSION = YES;
				CLANG_WARN_NON_LITERAL_NULL_CONVERSION = YES;
				CLANG_WARN_OBJC_IMPLICIT_RETAIN_SELF = YES;
				CLANG_WARN_OBJC_LITERAL_CONVERSION = YES;
				CLANG_WARN_OBJC_ROOT_CLASS = YES_ERROR;
				CLANG_WARN_QUOTED_INCLUDE_IN_FRAMEWORK_HEADER = YES;
				CLANG_WARN_RANGE_LOOP_ANALYSIS = YES;
				CLANG_WARN_STRICT_PROTOTYPES = YES;
				CLANG_WARN_SUSPICIOUS_MOVE = YES;
				CLANG_WARN_UNGUARDED_AVAILABILITY = YES_AGGRESSIVE;
				CLANG_WARN_UNREACHABLE_CODE = YES;
				CLANG_WARN__DUPLICATE_METHOD_MATCH = YES;
				COPY_PHASE_STRIP = NO;
				DEBUG_INFORMATION_FORMAT = "dwarf-with-dsym";
				ENABLE_NS_ASSERTIONS = NO;
				ENABLE_STRICT_OBJC_MSGSEND = YES;
				GCC_C_LANGUAGE_STANDARD = gnu11;
				GCC_NO_COMMON_BLOCKS = YES;
				GCC_WARN_64_TO_32_BIT_CONVERSION = YES;
				GCC_WARN_ABOUT_RETURN_TYPE = YES_ERROR;
				GCC_WARN_UNDECLARED_SELECTOR = YES;
				GCC_WARN_UNINITIALIZED_AUTOS = YES_AGGRESSIVE;
				GCC_WARN_UNUSED_FUNCTION = YES;
				GCC_WARN_UNUSED_VARIABLE = YES;
				IPHONEOS_DEPLOYMENT_TARGET = 15.2;
				MTL_ENABLE_DEBUG_INFO = NO;
				MTL_FAST_MATH = YES;
				SDKROOT = iphoneos;
				SWIFT_COMPILATION_MODE = wholemodule;
				SWIFT_OPTIMIZATION_LEVEL = "-O";
				VALIDATE_PRODUCT = YES;
			};
			name = Release;
		};
		849D80642868D1BC0059A77E /* Debug */ = {
			isa = XCBuildConfiguration;
			buildSettings = {
				ASSETCATALOG_COMPILER_APPICON_NAME = AppIcon;
				ASSETCATALOG_COMPILER_GLOBAL_ACCENT_COLOR_NAME = AccentColor;
				CODE_SIGN_STYLE = Automatic;
				CURRENT_PROJECT_VERSION = 1;
				DEVELOPMENT_TEAM = 98XHUX3GU4;
				GENERATE_INFOPLIST_FILE = YES;
				INFOPLIST_FILE = Quiz/Info.plist;
				INFOPLIST_KEY_UIApplicationSupportsIndirectInputEvents = YES;
				INFOPLIST_KEY_UILaunchStoryboardName = LaunchScreen;
				INFOPLIST_KEY_UIMainStoryboardFile = Main;
				INFOPLIST_KEY_UISupportedInterfaceOrientations = UIInterfaceOrientationPortrait;
				INFOPLIST_KEY_UISupportedInterfaceOrientations_iPad = "UIInterfaceOrientationPortrait UIInterfaceOrientationPortraitUpsideDown UIInterfaceOrientationLandscapeLeft UIInterfaceOrientationLandscapeRight";
				INFOPLIST_KEY_UISupportedInterfaceOrientations_iPhone = "UIInterfaceOrientationPortrait UIInterfaceOrientationLandscapeLeft UIInterfaceOrientationLandscapeRight";
				LD_RUNPATH_SEARCH_PATHS = (
					"$(inherited)",
					"@executable_path/Frameworks",
				);
				MARKETING_VERSION = 1.0;
				PRODUCT_BUNDLE_IDENTIFIER = "com-gmail.semyzhenko.julia.Quiz";
				PRODUCT_NAME = "$(TARGET_NAME)";
				SWIFT_EMIT_LOC_STRINGS = YES;
				SWIFT_VERSION = 5.0;
				TARGETED_DEVICE_FAMILY = 1;
			};
			name = Debug;
		};
		849D80652868D1BC0059A77E /* Release */ = {
			isa = XCBuildConfiguration;
			buildSettings = {
				ASSETCATALOG_COMPILER_APPICON_NAME = AppIcon;
				ASSETCATALOG_COMPILER_GLOBAL_ACCENT_COLOR_NAME = AccentColor;
				CODE_SIGN_STYLE = Automatic;
				CURRENT_PROJECT_VERSION = 1;
				DEVELOPMENT_TEAM = 98XHUX3GU4;
				GENERATE_INFOPLIST_FILE = YES;
				INFOPLIST_FILE = Quiz/Info.plist;
				INFOPLIST_KEY_UIApplicationSupportsIndirectInputEvents = YES;
				INFOPLIST_KEY_UILaunchStoryboardName = LaunchScreen;
				INFOPLIST_KEY_UIMainStoryboardFile = Main;
				INFOPLIST_KEY_UISupportedInterfaceOrientations = UIInterfaceOrientationPortrait;
				INFOPLIST_KEY_UISupportedInterfaceOrientations_iPad = "UIInterfaceOrientationPortrait UIInterfaceOrientationPortraitUpsideDown UIInterfaceOrientationLandscapeLeft UIInterfaceOrientationLandscapeRight";
				INFOPLIST_KEY_UISupportedInterfaceOrientations_iPhone = "UIInterfaceOrientationPortrait UIInterfaceOrientationLandscapeLeft UIInterfaceOrientationLandscapeRight";
				LD_RUNPATH_SEARCH_PATHS = (
					"$(inherited)",
					"@executable_path/Frameworks",
				);
				MARKETING_VERSION = 1.0;
				PRODUCT_BUNDLE_IDENTIFIER = "com-gmail.semyzhenko.julia.Quiz";
				PRODUCT_NAME = "$(TARGET_NAME)";
				SWIFT_EMIT_LOC_STRINGS = YES;
				SWIFT_VERSION = 5.0;
				TARGETED_DEVICE_FAMILY = 1;
			};
			name = Release;
		};
/* End XCBuildConfiguration section */

/* Begin XCConfigurationList section */
		849D804A2868D1B10059A77E /* Build configuration list for PBXProject "Quiz" */ = {
			isa = XCConfigurationList;
			buildConfigurations = (
				849D80612868D1BC0059A77E /* Debug */,
				849D80622868D1BC0059A77E /* Release */,
			);
			defaultConfigurationIsVisible = 0;
			defaultConfigurationName = Release;
		};
		849D80632868D1BC0059A77E /* Build configuration list for PBXNativeTarget "Quiz" */ = {
			isa = XCConfigurationList;
			buildConfigurations = (
				849D80642868D1BC0059A77E /* Debug */,
				849D80652868D1BC0059A77E /* Release */,
			);
			defaultConfigurationIsVisible = 0;
			defaultConfigurationName = Release;
		};
/* End XCConfigurationList section */
	};
	rootObject = 849D80472868D1B10059A77E /* Project object */;
}
